github.com/go-telegram/bot v0.7.14 h1:VNFrg3QJ/MZNwm65ugupcTIaQG+vw4oUOxIVhPjwFhA=
github.com/go-telegram/bot v0.7.14/go.mod h1:i2TRs7fXWIeaceF3z7KzsMt/he0TwkVC680mvdTFYeM=
github.com/joho/godotenv v1.5.1 h1:7eLL/+HRGLY0ldzfGMeQkb7vMd0as4CfYvUVzLqw0N0=
github.com/joho/godotenv v1.5.1/go.mod h1:f4LDr5Voq0i2e/R5DDNOoa2zzDfwtkZa6DnEwAbqwq4=
github.com/mileusna/crontab v1.2.0 h1:x9ZmE2A4p6CDqMEGQ+GbqsNtnmbdmWMQYShdQu8LvrU=
github.com/mileusna/crontab v1.2.0/go.mod h1:dbns64w/u3tUnGZGf8pAa76ZqOfeBX4olW4U1ZwExmc=
